
Microsoft Visual Studio Solution File, Format Version 12.00
# Visual Studio 15
VisualStudioVersion = 15.0.27428.2037
MinimumVisualStudioVersion = 10.0.40219.1
Project("{FAE04EC0-301F-11D3-BF4B-00C04F79EFBC}") = "Write", "Write\Write.csproj", "{BFC29DB9-94E2-43AE-ABF1-A39B02E0B05A}"
EndProject
Project("{FAE04EC0-301F-11D3-BF4B-00C04F79EFBC}") = "Read", "Read\Read.csproj", "{EFA375E7-E630-4155-91FA-6BAF6A7DAADB}"
EndProject
Global
	GlobalSection(SolutionConfigurationPlatforms) = preSolution
		Debug|Any CPU = Debug|Any CPU
		Release|Any CPU = Release|Any CPU
	EndGlobalSection
	GlobalSection(ProjectConfigurationPlatforms) = postSolution
		{BFC29DB9-94E2-43AE-ABF1-A39B02E0B05A}.Debug|Any CPU.ActiveCfg = Debug|Any CPU
		{BFC29DB9-94E2-43AE-ABF1-A39B02E0B05A}.Debug|Any CPU.Build.0 = Debug|Any CPU
		{BFC29DB9-94E2-43AE-ABF1-A39B02E0B05A}.Release|Any CPU.ActiveCfg = Release|Any CPU
		{BFC29DB9-94E2-43AE-ABF1-A39B02E0B05A}.Release|Any CPU.Build.0 = Release|Any CPU
		{EFA375E7-E630-4155-91FA-6BAF6A7DAADB}.Debug|Any CPU.ActiveCfg = Debug|Any CPU
		{EFA375E7-E630-4155-91FA-6BAF6A7DAADB}.Debug|Any CPU.Build.0 = Debug|Any CPU
		{EFA375E7-E630-4155-91FA-6BAF6A7DAADB}.Release|Any CPU.ActiveCfg = Release|Any CPU
		{EFA375E7-E630-4155-91FA-6BAF6A7DAADB}.Release|Any CPU.Build.0 = Release|Any CPU
	EndGlobalSection
	GlobalSection(SolutionProperties) = preSolution
		HideSolutionNode = FALSE
	EndGlobalSection
	GlobalSection(ExtensibilityGlobals) = postSolution
		SolutionGuid = {7CDDCC66-65E3-447A-8A83-8E6F7C52F8EF}
	EndGlobalSection
EndGlobal
